
Microsoft Visual Studio Solution File, Format Version 12.00
# Visual Studio 15
VisualStudioVersion = 15.0.27130.2027
MinimumVisualStudioVersion = 10.0.40219.1
Project("{FAE04EC0-301F-11D3-BF4B-00C04F79EFBC}") = "IWSVelibLib", "IWSVelib\IWSVelibLib.csproj", "{7EAB369D-CFCB-4062-A4D2-31A03951AB70}"
EndProject
Project("{FAE04EC0-301F-11D3-BF4B-00C04F79EFBC}") = "VelibClient", "VelibClient\VelibClient.csproj", "{3CF17ABC-85E4-4986-B284-1D3B6CD0D53A}"
	ProjectSection(ProjectDependencies) = postProject
		{7EAB369D-CFCB-4062-A4D2-31A03951AB70} = {7EAB369D-CFCB-4062-A4D2-31A03951AB70}
	EndProjectSection
EndProject
Project("{FAE04EC0-301F-11D3-BF4B-00C04F79EFBC}") = "VelibClientGUI", "VelibClientGUI\VelibClientGUI.csproj", "{82263D17-E921-4A77-A39F-8B3F446B2BD9}"
	ProjectSection(ProjectDependencies) = postProject
		{7EAB369D-CFCB-4062-A4D2-31A03951AB70} = {7EAB369D-CFCB-4062-A4D2-31A03951AB70}
	EndProjectSection
EndProject
Project("{9A19103F-16F7-4668-BE54-9A1E7A4F7556}") = "IWSVelibCore", "IWSVelibCore\IWSVelibCore.csproj", "{DAC70585-466D-4B65-92BF-426B921DF018}"
EndProject
Project("{E53339B2-1760-4266-BCC7-CA923CBCF16C}") = "docker-compose", "docker-compose.dcproj", "{603C7C16-8193-4664-884E-D88E4B1173F5}"
EndProject
Project("{FAE04EC0-301F-11D3-BF4B-00C04F79EFBC}") = "IWSVelibApp", "IWSVelibApp\IWSVelibApp.csproj", "{560598E2-98DF-4CDF-A00D-0FB6968FF867}"
EndProject
Global
	GlobalSection(SolutionConfigurationPlatforms) = preSolution
		Debug|Any CPU = Debug|Any CPU
		Release|Any CPU = Release|Any CPU
	EndGlobalSection
	GlobalSection(ProjectConfigurationPlatforms) = postSolution
		{7EAB369D-CFCB-4062-A4D2-31A03951AB70}.Debug|Any CPU.ActiveCfg = Debug|Any CPU
		{7EAB369D-CFCB-4062-A4D2-31A03951AB70}.Debug|Any CPU.Build.0 = Debug|Any CPU
		{7EAB369D-CFCB-4062-A4D2-31A03951AB70}.Release|Any CPU.ActiveCfg = Release|Any CPU
		{7EAB369D-CFCB-4062-A4D2-31A03951AB70}.Release|Any CPU.Build.0 = Release|Any CPU
		{3CF17ABC-85E4-4986-B284-1D3B6CD0D53A}.Debug|Any CPU.ActiveCfg = Debug|Any CPU
		{3CF17ABC-85E4-4986-B284-1D3B6CD0D53A}.Debug|Any CPU.Build.0 = Debug|Any CPU
		{3CF17ABC-85E4-4986-B284-1D3B6CD0D53A}.Release|Any CPU.ActiveCfg = Release|Any CPU
		{3CF17ABC-85E4-4986-B284-1D3B6CD0D53A}.Release|Any CPU.Build.0 = Release|Any CPU
		{82263D17-E921-4A77-A39F-8B3F446B2BD9}.Debug|Any CPU.ActiveCfg = Debug|Any CPU
		{82263D17-E921-4A77-A39F-8B3F446B2BD9}.Debug|Any CPU.Build.0 = Debug|Any CPU
		{82263D17-E921-4A77-A39F-8B3F446B2BD9}.Release|Any CPU.ActiveCfg = Release|Any CPU
		{82263D17-E921-4A77-A39F-8B3F446B2BD9}.Release|Any CPU.Build.0 = Release|Any CPU
		{DAC70585-466D-4B65-92BF-426B921DF018}.Debug|Any CPU.ActiveCfg = Debug|Any CPU
		{DAC70585-466D-4B65-92BF-426B921DF018}.Debug|Any CPU.Build.0 = Debug|Any CPU
		{DAC70585-466D-4B65-92BF-426B921DF018}.Release|Any CPU.ActiveCfg = Release|Any CPU
		{DAC70585-466D-4B65-92BF-426B921DF018}.Release|Any CPU.Build.0 = Release|Any CPU
		{603C7C16-8193-4664-884E-D88E4B1173F5}.Debug|Any CPU.ActiveCfg = Debug|Any CPU
		{603C7C16-8193-4664-884E-D88E4B1173F5}.Debug|Any CPU.Build.0 = Debug|Any CPU
		{603C7C16-8193-4664-884E-D88E4B1173F5}.Release|Any CPU.ActiveCfg = Release|Any CPU
		{603C7C16-8193-4664-884E-D88E4B1173F5}.Release|Any CPU.Build.0 = Release|Any CPU
		{560598E2-98DF-4CDF-A00D-0FB6968FF867}.Debug|Any CPU.ActiveCfg = Debug|Any CPU
		{560598E2-98DF-4CDF-A00D-0FB6968FF867}.Debug|Any CPU.Build.0 = Debug|Any CPU
		{560598E2-98DF-4CDF-A00D-0FB6968FF867}.Release|Any CPU.ActiveCfg = Release|Any CPU
		{560598E2-98DF-4CDF-A00D-0FB6968FF867}.Release|Any CPU.Build.0 = Release|Any CPU
	EndGlobalSection
	GlobalSection(SolutionProperties) = preSolution
		HideSolutionNode = FALSE
	EndGlobalSection
	GlobalSection(ExtensibilityGlobals) = postSolution
		SolutionGuid = {67C1DCD4-EAE1-4FE0-A273-699A8B53D688}
	EndGlobalSection
EndGlobal
