
Microsoft Visual Studio Solution File, Format Version 12.00
# Visual Studio 15
VisualStudioVersion = 15.0.27130.2027
MinimumVisualStudioVersion = 10.0.40219.1
Project("{FAE04EC0-301F-11D3-BF4B-00C04F79EFBC}") = "IWSVelib", "IWSVelib\IWSVelib.csproj", "{7EAB369D-CFCB-4062-A4D2-31A03951AB70}"
EndProject
Project("{FAE04EC0-301F-11D3-BF4B-00C04F79EFBC}") = "VelibClient", "VelibClient\VelibClient.csproj", "{3CF17ABC-85E4-4986-B284-1D3B6CD0D53A}"
	ProjectSection(ProjectDependencies) = postProject
		{7EAB369D-CFCB-4062-A4D2-31A03951AB70} = {7EAB369D-CFCB-4062-A4D2-31A03951AB70}
	EndProjectSection
EndProject
Global
	GlobalSection(SolutionConfigurationPlatforms) = preSolution
		Debug|Any CPU = Debug|Any CPU
		Release|Any CPU = Release|Any CPU
	EndGlobalSection
	GlobalSection(ProjectConfigurationPlatforms) = postSolution
		{7EAB369D-CFCB-4062-A4D2-31A03951AB70}.Debug|Any CPU.ActiveCfg = Debug|Any CPU
		{7EAB369D-CFCB-4062-A4D2-31A03951AB70}.Debug|Any CPU.Build.0 = Debug|Any CPU
		{7EAB369D-CFCB-4062-A4D2-31A03951AB70}.Release|Any CPU.ActiveCfg = Release|Any CPU
		{7EAB369D-CFCB-4062-A4D2-31A03951AB70}.Release|Any CPU.Build.0 = Release|Any CPU
		{3CF17ABC-85E4-4986-B284-1D3B6CD0D53A}.Debug|Any CPU.ActiveCfg = Debug|Any CPU
		{3CF17ABC-85E4-4986-B284-1D3B6CD0D53A}.Debug|Any CPU.Build.0 = Debug|Any CPU
		{3CF17ABC-85E4-4986-B284-1D3B6CD0D53A}.Release|Any CPU.ActiveCfg = Release|Any CPU
		{3CF17ABC-85E4-4986-B284-1D3B6CD0D53A}.Release|Any CPU.Build.0 = Release|Any CPU
	EndGlobalSection
	GlobalSection(SolutionProperties) = preSolution
		HideSolutionNode = FALSE
	EndGlobalSection
	GlobalSection(ExtensibilityGlobals) = postSolution
		SolutionGuid = {67C1DCD4-EAE1-4FE0-A273-699A8B53D688}
	EndGlobalSection
EndGlobal
